<?xml version="1.0" encoding="utf-8"?>
<Project ToolsVersion="4.0" xmlns="http://schemas.microsoft.com/developer/msbuild/2003">
  <ItemGroup>
    <Filter Include="Source Files">
      <UniqueIdentifier>{18eedc94-6017-489a-a239-20cf860e280b}</UniqueIdentifier>
      <Extensions>cpp;c;cxx;rc;def;r;odl;idl;hpj;bat</Extensions>
    </Filter>
    <Filter Include="Source Files\nsm.cpp">
      <UniqueIdentifier>{a3c6e6b2-2f99-42b3-8a58-9d8461cfb36e}</UniqueIdentifier>
      <Extensions>cpp</Extensions>
    </Filter>
    <Filter Include="Source Files\nsm.cpp\dialogs.cpp">
      <UniqueIdentifier>{3e4a4a32-0dc4-4278-b104-d7934fd14242}</UniqueIdentifier>
    </Filter>
    <Filter Include="Source Files\nsm.cpp\template.cpp">
      <UniqueIdentifier>{822e3d3b-420e-4e56-bc8f-c4de30071ea8}</UniqueIdentifier>
    </Filter>
    <Filter Include="Source Files\mechanics.cpp">
      <UniqueIdentifier>{be95a586-80a8-4def-b19d-a9e01b584c1b}</UniqueIdentifier>
      <Extensions>cpp</Extensions>
    </Filter>
    <Filter Include="Source Files\mechanics.cpp\dialogs.cpp">
      <UniqueIdentifier>{e09c418f-70be-418f-aa74-d6256d88ae16}</UniqueIdentifier>
      <Extensions>cpp</Extensions>
    </Filter>
    <Filter Include="Source Files\mechanics.cpp\template.cpp">
      <UniqueIdentifier>{a1f1b993-72d2-4dba-aa67-81f3b230d43c}</UniqueIdentifier>
    </Filter>
    <Filter Include="Source Files\utilities.cpp">
      <UniqueIdentifier>{9e28fc68-b2f2-4159-b422-087a8483c576}</UniqueIdentifier>
    </Filter>
    <Filter Include="Source Files\utilities.cpp\GridTreeCtrl.cpp">
      <UniqueIdentifier>{a895c2c6-9ef3-4612-87f2-d18f16d5505c}</UniqueIdentifier>
    </Filter>
    <Filter Include="Header Files">
      <UniqueIdentifier>{9b84e8ba-7b69-4326-a229-e697de50e1ff}</UniqueIdentifier>
      <Extensions>h;hpp;hxx;hm;inl</Extensions>
    </Filter>
    <Filter Include="Header Files\nsm.h">
      <UniqueIdentifier>{bd575ef7-8229-483c-a187-fbf50ef1109a}</UniqueIdentifier>
      <Extensions>h</Extensions>
    </Filter>
    <Filter Include="Header Files\nsm.h\dialogs.h">
      <UniqueIdentifier>{a88c2d17-7945-45db-bc06-9daa8fa6b594}</UniqueIdentifier>
    </Filter>
    <Filter Include="Header Files\nsm.h\template.h">
      <UniqueIdentifier>{ac7d7928-07d7-48da-9dd7-a18b04b7d719}</UniqueIdentifier>
    </Filter>
    <Filter Include="Header Files\mechanics.h">
      <UniqueIdentifier>{ecddd7d4-a5a9-4beb-bcdd-32d99fde609a}</UniqueIdentifier>
      <Extensions>h</Extensions>
    </Filter>
    <Filter Include="Header Files\mechanics.h\dialogs.h">
      <UniqueIdentifier>{a2588e3a-7860-4df1-b41b-454bb74195d9}</UniqueIdentifier>
      <Extensions>h</Extensions>
    </Filter>
    <Filter Include="Header Files\mechanics.h\template.h">
      <UniqueIdentifier>{5ba5ebde-23e2-4265-94b1-75019e22fd32}</UniqueIdentifier>
    </Filter>
    <Filter Include="Header Files\utilities.h">
      <UniqueIdentifier>{96a09148-a2ed-42ee-8519-9aa0b4e9dee1}</UniqueIdentifier>
    </Filter>
    <Filter Include="Header Files\utilities.h\GridTreeCtrl">
      <UniqueIdentifier>{51ef1ac8-c442-4822-903e-7ee0913a7a7f}</UniqueIdentifier>
    </Filter>
    <Filter Include="Resource Files">
      <UniqueIdentifier>{a969ef49-01cf-42c1-9f5a-ed3556a11368}</UniqueIdentifier>
      <Extensions>ico;cur;bmp;dlg;rc2;rct;bin;rgs;gif;jpg;jpeg;jpe</Extensions>
    </Filter>
    <Filter Include="Libs">
      <UniqueIdentifier>{7315e68a-159a-4155-9eeb-d474fb881986}</UniqueIdentifier>
    </Filter>
  </ItemGroup>
  <ItemGroup>
    <ClCompile Include="src\gui\ChildFrm.cpp">
      <Filter>Source Files</Filter>
    </ClCompile>
    <ClCompile Include="src\core\dataview.cpp">
      <Filter>Source Files</Filter>
    </ClCompile>
    <ClCompile Include="src\core\frameview.cpp">
      <Filter>Source Files</Filter>
    </ClCompile>
    <ClCompile Include="src\gui\func_lib.cpp">
      <Filter>Source Files</Filter>
    </ClCompile>
    <ClCompile Include="src\gui\Grafor.cpp">
      <Filter>Source Files</Filter>
    </ClCompile>
    <ClCompile Include="src\gui\MainFrm.cpp">
      <Filter>Source Files</Filter>
    </ClCompile>
    <ClCompile Include="src\gui\setupXPstyle.cpp">
      <Filter>Source Files</Filter>
    </ClCompile>
    <ClCompile Include="src\core\simulate.cpp">
      <Filter>Source Files</Filter>
    </ClCompile>
    <ClCompile Include="src\gui\Spcord.cpp">
      <Filter>Source Files</Filter>
    </ClCompile>
    <ClCompile Include="src\gui\SpcordDoc.cpp">
      <Filter>Source Files</Filter>
    </ClCompile>
    <ClCompile Include="src\gui\SpcordView.cpp">
      <Filter>Source Files</Filter>
    </ClCompile>
    <ClCompile Include="src\core\calculate.cpp">
      <Filter>Source Files\nsm.cpp</Filter>
    </ClCompile>
    <ClCompile Include="src\core\nsm\hhn.cpp">
      <Filter>Source Files\nsm.cpp</Filter>
    </ClCompile>
    <ClCompile Include="src\core\nsm\hhnchan.cpp">
      <Filter>Source Files\nsm.cpp</Filter>
    </ClCompile>
    <ClCompile Include="src\core\nsm\hhnconnect.cpp">
      <Filter>Source Files\nsm.cpp</Filter>
    </ClCompile>
    <ClCompile Include="src\core\nsm\hhncontrol.cpp">
      <Filter>Source Files\nsm.cpp</Filter>
    </ClCompile>
    <ClCompile Include="src\core\nsm\hhndrive.cpp">
      <Filter>Source Files\nsm.cpp</Filter>
    </ClCompile>
    <ClCompile Include="src\core\nsm\hhnions.cpp">
      <Filter>Source Files\nsm.cpp</Filter>
    </ClCompile>
    <ClCompile Include="src\core\nsm\hhnnetwork.cpp">
      <Filter>Source Files\nsm.cpp</Filter>
    </ClCompile>
    <ClCompile Include="src\core\nsm\hhnoutput.cpp">
      <Filter>Source Files\nsm.cpp</Filter>
    </ClCompile>
    <ClCompile Include="src\core\nsm\hhnpopulat.cpp">
      <Filter>Source Files\nsm.cpp</Filter>
    </ClCompile>
    <ClCompile Include="src\core\nsm\hhnrespchan.cpp">
      <Filter>Source Files\nsm.cpp</Filter>
    </ClCompile>
    <ClCompile Include="src\core\nsm\hhnsynapse.cpp">
      <Filter>Source Files\nsm.cpp</Filter>
    </ClCompile>
    <ClCompile Include="src\core\nsm\hhnunit.cpp">
      <Filter>Source Files\nsm.cpp</Filter>
    </ClCompile>
    <ClCompile Include="src\gui\dialogs\ConnectionSetup.cpp">
      <Filter>Source Files\nsm.cpp\dialogs.cpp</Filter>
    </ClCompile>
    <ClCompile Include="src\gui\dialogs\ControlSetup.cpp">
      <Filter>Source Files\nsm.cpp\dialogs.cpp</Filter>
    </ClCompile>
    <ClCompile Include="src\gui\dialogs\genericdialogs.cpp">
      <Filter>Source Files\nsm.cpp\dialogs.cpp</Filter>
    </ClCompile>
    <ClCompile Include="src\gui\dialogs\networksetup.cpp">
      <Filter>Source Files\nsm.cpp\dialogs.cpp</Filter>
    </ClCompile>
    <ClCompile Include="src\gui\dialogs\NetworkView.cpp">
      <Filter>Source Files\nsm.cpp\dialogs.cpp</Filter>
    </ClCompile>
    <ClCompile Include="src\gui\dialogs\neuronsetup.cpp">
      <Filter>Source Files\nsm.cpp\dialogs.cpp</Filter>
    </ClCompile>
    <ClCompile Include="src\gui\dialogs\SimulateSetup.cpp">
      <Filter>Source Files\nsm.cpp\dialogs.cpp</Filter>
    </ClCompile>
    <ClCompile Include="src\core\template\chantemplate.cpp">
      <Filter>Source Files\nsm.cpp\template.cpp</Filter>
    </ClCompile>
    <ClCompile Include="src\core\template\hhntemplate.cpp">
      <Filter>Source Files\nsm.cpp\template.cpp</Filter>
    </ClCompile>
    <ClCompile Include="src\core\template\iontemplate.cpp">
      <Filter>Source Files\nsm.cpp\template.cpp</Filter>
    </ClCompile>
    <ClCompile Include="src\core\template\outemplate.cpp">
      <Filter>Source Files\nsm.cpp\template.cpp</Filter>
    </ClCompile>
    <ClCompile Include="src\core\template\respchantemplate.cpp">
      <Filter>Source Files\nsm.cpp\template.cpp</Filter>
    </ClCompile>
    <ClCompile Include="src\core\template\syntemplate.cpp">
      <Filter>Source Files\nsm.cpp\template.cpp</Filter>
    </ClCompile>
    <ClCompile Include="src\core\template\unitemplate.cpp">
      <Filter>Source Files\nsm.cpp\template.cpp</Filter>
    </ClCompile>
    <ClCompile Include="src\core\nsm\hhnfeedback.cpp">
      <Filter>Source Files\mechanics.cpp</Filter>
    </ClCompile>
    <ClCompile Include="src\core\walker\muscle.cpp">
      <Filter>Source Files\mechanics.cpp</Filter>
    </ClCompile>
    <ClCompile Include="src\core\walker\walker.cpp">
      <Filter>Source Files\mechanics.cpp</Filter>
    </ClCompile>
    <ClCompile Include="src\gui\dialogs\biomechsetup.cpp">
      <Filter>Source Files\mechanics.cpp\dialogs.cpp</Filter>
    </ClCompile>
    <ClCompile Include="src\core\template\biomtemplate.cpp">
      <Filter>Source Files\mechanics.cpp\template.cpp</Filter>
    </ClCompile>
    <ClCompile Include="src\core\template\jointemplate.cpp">
      <Filter>Source Files\mechanics.cpp\template.cpp</Filter>
    </ClCompile>
    <ClCompile Include="src\core\template\linktemplate.cpp">
      <Filter>Source Files\mechanics.cpp\template.cpp</Filter>
    </ClCompile>
    <ClCompile Include="src\core\template\mustemplate.cpp">
      <Filter>Source Files\mechanics.cpp\template.cpp</Filter>
    </ClCompile>
    <ClCompile Include="src\core\hhnstat.cpp">
      <Filter>Source Files\utilities.cpp</Filter>
    </ClCompile>
    <ClCompile Include="src\gui\mditabs\MDITabs.cpp">
      <Filter>Source Files\utilities.cpp</Filter>
    </ClCompile>
    <ClCompile Include="src\core\runman.cpp">
      <Filter>Source Files\utilities.cpp</Filter>
    </ClCompile>
    <ClCompile Include="src\core\sptypes.cpp">
      <Filter>Source Files\utilities.cpp</Filter>
    </ClCompile>
    <ClCompile Include="src\core\utilities.cpp">
      <Filter>Source Files\utilities.cpp</Filter>
    </ClCompile>
    <ClCompile Include="src\gui\grid\BtnDataBase.cpp">
      <Filter>Source Files\utilities.cpp\GridTreeCtrl.cpp</Filter>
    </ClCompile>
    <ClCompile Include="src\gui\grid\GridBtnCell.cpp">
      <Filter>Source Files\utilities.cpp\GridTreeCtrl.cpp</Filter>
    </ClCompile>
    <ClCompile Include="src\gui\grid\GridBtnCellBase.cpp">
      <Filter>Source Files\utilities.cpp\GridTreeCtrl.cpp</Filter>
    </ClCompile>
    <ClCompile Include="src\gui\grid\GridBtnCellCombo.cpp">
      <Filter>Source Files\utilities.cpp\GridTreeCtrl.cpp</Filter>
    </ClCompile>
    <ClCompile Include="src\gui\grid\GridCell.cpp">
      <Filter>Source Files\utilities.cpp\GridTreeCtrl.cpp</Filter>
    </ClCompile>
    <ClCompile Include="src\gui\grid\GridCellBase.cpp">
      <Filter>Source Files\utilities.cpp\GridTreeCtrl.cpp</Filter>
    </ClCompile>
    <ClCompile Include="src\gui\grid\GridCtrl.cpp">
      <Filter>Source Files\utilities.cpp\GridTreeCtrl.cpp</Filter>
    </ClCompile>
    <ClCompile Include="src\gui\grid\GridDropTarget.cpp">
      <Filter>Source Files\utilities.cpp\GridTreeCtrl.cpp</Filter>
    </ClCompile>
    <ClCompile Include="src\gui\grid\GridTreeBtnCell.cpp">
      <Filter>Source Files\utilities.cpp\GridTreeCtrl.cpp</Filter>
    </ClCompile>
    <ClCompile Include="src\gui\grid\GridTreeCell.cpp">
      <Filter>Source Files\utilities.cpp\GridTreeCtrl.cpp</Filter>
    </ClCompile>
    <ClCompile Include="src\gui\grid\GridTreeCellBase.cpp">
      <Filter>Source Files\utilities.cpp\GridTreeCtrl.cpp</Filter>
    </ClCompile>
    <ClCompile Include="src\gui\grid\InPlaceEdit.cpp">
      <Filter>Source Files\utilities.cpp\GridTreeCtrl.cpp</Filter>
    </ClCompile>
    <ClCompile Include="src\gui\grid\InPlaceList.cpp">
      <Filter>Source Files\utilities.cpp\GridTreeCtrl.cpp</Filter>
    </ClCompile>
    <ClCompile Include="src\gui\grid\TitleTip.cpp">
      <Filter>Source Files\utilities.cpp\GridTreeCtrl.cpp</Filter>
    </ClCompile>
    <ClCompile Include="src\gui\grid\TreeColumn.cpp">
      <Filter>Source Files\utilities.cpp\GridTreeCtrl.cpp</Filter>
    </ClCompile>
    <ClCompile Include="src\precompile.cpp">
      <Filter>Source Files</Filter>
    </ClCompile>
    <ClCompile Include="src\nsmdebug.cpp">
      <Filter>Source Files</Filter>
    </ClCompile>
  </ItemGroup>
  <ItemGroup>
    <ResourceCompile Include="src\Spcord.rc">
      <Filter>Source Files</Filter>
    </ResourceCompile>
  </ItemGroup>
  <ItemGroup>
    <ClInclude Include="src\gui\ChildFrm.h">
      <Filter>Header Files</Filter>
    </ClInclude>
    <ClInclude Include="src\config.h">
      <Filter>Header Files</Filter>
    </ClInclude>
    <ClInclude Include="src\core\dataview.h">
      <Filter>Header Files</Filter>
    </ClInclude>
    <ClInclude Include="src\core\frameview.h">
      <Filter>Header Files</Filter>
    </ClInclude>
    <ClInclude Include="src\gui\func_lib.h">
      <Filter>Header Files</Filter>
    </ClInclude>
    <ClInclude Include="src\gui\Grafor.h">
      <Filter>Header Files</Filter>
    </ClInclude>
    <ClInclude Include="src\gui\MainFrm.h">
      <Filter>Header Files</Filter>
    </ClInclude>
    <ClInclude Include="src\precompile.h">
      <Filter>Header Files</Filter>
    </ClInclude>
    <ClInclude Include="src\resource.h">
      <Filter>Header Files</Filter>
    </ClInclude>
    <ClInclude Include="src\gui\setupXPstyle.h">
      <Filter>Header Files</Filter>
    </ClInclude>
    <ClInclude Include="src\core\simulate.h">
      <Filter>Header Files</Filter>
    </ClInclude>
    <ClInclude Include="src\gui\Spcord.h">
      <Filter>Header Files</Filter>
    </ClInclude>
    <ClInclude Include="src\gui\SpcordDoc.h">
      <Filter>Header Files</Filter>
    </ClInclude>
    <ClInclude Include="src\gui\SpcordView.h">
      <Filter>Header Files</Filter>
    </ClInclude>
    <ClInclude Include="src\usermessage.h">
      <Filter>Header Files</Filter>
    </ClInclude>
    <ClInclude Include="src\core\nsm\hhn.h">
      <Filter>Header Files\nsm.h</Filter>
    </ClInclude>
    <ClInclude Include="src\core\nsm\hhnchan.h">
      <Filter>Header Files\nsm.h</Filter>
    </ClInclude>
    <ClInclude Include="src\core\nsm\hhnconnect.h">
      <Filter>Header Files\nsm.h</Filter>
    </ClInclude>
    <ClInclude Include="src\core\nsm\hhncontrol.h">
      <Filter>Header Files\nsm.h</Filter>
    </ClInclude>
    <ClInclude Include="src\core\nsm\hhndrive.h">
      <Filter>Header Files\nsm.h</Filter>
    </ClInclude>
    <ClInclude Include="src\core\nsm\hhnions.h">
      <Filter>Header Files\nsm.h</Filter>
    </ClInclude>
    <ClInclude Include="src\core\nsm\hhnnetwork.h">
      <Filter>Header Files\nsm.h</Filter>
    </ClInclude>
    <ClInclude Include="src\core\nsm\hhnoutput.h">
      <Filter>Header Files\nsm.h</Filter>
    </ClInclude>
    <ClInclude Include="src\core\nsm\hhnpopulat.h">
      <Filter>Header Files\nsm.h</Filter>
    </ClInclude>
    <ClInclude Include="src\core\nsm\hhnrespchan.h">
      <Filter>Header Files\nsm.h</Filter>
    </ClInclude>
    <ClInclude Include="src\core\nsm\hhnsynapse.h">
      <Filter>Header Files\nsm.h</Filter>
    </ClInclude>
    <ClInclude Include="src\core\nsm\hhnunit.h">
      <Filter>Header Files\nsm.h</Filter>
    </ClInclude>
    <ClInclude Include="src\gui\dialogs\ConnectionSetup.h">
      <Filter>Header Files\nsm.h\dialogs.h</Filter>
    </ClInclude>
    <ClInclude Include="src\gui\dialogs\ControlSetup.h">
      <Filter>Header Files\nsm.h\dialogs.h</Filter>
    </ClInclude>
    <ClInclude Include="src\gui\dialogs\genericdialogs.h">
      <Filter>Header Files\nsm.h\dialogs.h</Filter>
    </ClInclude>
    <ClInclude Include="src\gui\dialogs\networksetup.h">
      <Filter>Header Files\nsm.h\dialogs.h</Filter>
    </ClInclude>
    <ClInclude Include="src\gui\dialogs\NetworkView.h">
      <Filter>Header Files\nsm.h\dialogs.h</Filter>
    </ClInclude>
    <ClInclude Include="src\gui\dialogs\neuronsetup.h">
      <Filter>Header Files\nsm.h\dialogs.h</Filter>
    </ClInclude>
    <ClInclude Include="src\gui\dialogs\SimulateSetup.h">
      <Filter>Header Files\nsm.h\dialogs.h</Filter>
    </ClInclude>
    <ClInclude Include="src\core\template\chantemplate.h">
      <Filter>Header Files\nsm.h\template.h</Filter>
    </ClInclude>
    <ClInclude Include="src\core\template\hhntemplate.h">
      <Filter>Header Files\nsm.h\template.h</Filter>
    </ClInclude>
    <ClInclude Include="src\core\template\iontemplate.h">
      <Filter>Header Files\nsm.h\template.h</Filter>
    </ClInclude>
    <ClInclude Include="src\core\template\outemplate.h">
      <Filter>Header Files\nsm.h\template.h</Filter>
    </ClInclude>
    <ClInclude Include="src\core\template\respchantemplate.h">
      <Filter>Header Files\nsm.h\template.h</Filter>
    </ClInclude>
    <ClInclude Include="src\core\template\syntemplate.h">
      <Filter>Header Files\nsm.h\template.h</Filter>
    </ClInclude>
    <ClInclude Include="src\core\template\unitemplate.h">
      <Filter>Header Files\nsm.h\template.h</Filter>
    </ClInclude>
    <ClInclude Include="src\core\nsm\hhnfeedback.h">
      <Filter>Header Files\mechanics.h</Filter>
    </ClInclude>
    <ClInclude Include="src\core\walker\muscle.h">
      <Filter>Header Files\mechanics.h</Filter>
    </ClInclude>
    <ClInclude Include="src\core\walker\walker.h">
      <Filter>Header Files\mechanics.h</Filter>
    </ClInclude>
    <ClInclude Include="src\gui\dialogs\biomechsetup.h">
      <Filter>Header Files\mechanics.h\dialogs.h</Filter>
    </ClInclude>
    <ClInclude Include="src\core\template\biomtemplate.h">
      <Filter>Header Files\mechanics.h\template.h</Filter>
    </ClInclude>
    <ClInclude Include="src\core\template\jointemplate.h">
      <Filter>Header Files\mechanics.h\template.h</Filter>
    </ClInclude>
    <ClInclude Include="src\core\template\linktemplate.h">
      <Filter>Header Files\mechanics.h\template.h</Filter>
    </ClInclude>
    <ClInclude Include="src\core\template\mustemplate.h">
      <Filter>Header Files\mechanics.h\template.h</Filter>
    </ClInclude>
    <ClInclude Include="src\core\cmatrix.h">
      <Filter>Header Files\utilities.h</Filter>
    </ClInclude>
    <ClInclude Include="src\core\hhnstat.h">
      <Filter>Header Files\utilities.h</Filter>
    </ClInclude>
    <ClInclude Include="src\gui\mditabs\MDITabs.h">
      <Filter>Header Files\utilities.h</Filter>
    </ClInclude>
    <ClInclude Include="src\parser.h">
      <Filter>Header Files\utilities.h</Filter>
    </ClInclude>
    <ClInclude Include="src\core\runman.h">
      <Filter>Header Files\utilities.h</Filter>
    </ClInclude>
    <ClInclude Include="src\core\sptypes.h">
      <Filter>Header Files\utilities.h</Filter>
    </ClInclude>
    <ClInclude Include="src\core\utilities.h">
      <Filter>Header Files\utilities.h</Filter>
    </ClInclude>
    <ClInclude Include="src\gui\grid\BtnDataBase.h">
      <Filter>Header Files\utilities.h\GridTreeCtrl</Filter>
    </ClInclude>
    <ClInclude Include="src\gui\grid\CellRange.h">
      <Filter>Header Files\utilities.h\GridTreeCtrl</Filter>
    </ClInclude>
    <ClInclude Include="src\gui\grid\GridBtnCell.h">
      <Filter>Header Files\utilities.h\GridTreeCtrl</Filter>
    </ClInclude>
    <ClInclude Include="src\gui\grid\GridBtnCellBase.h">
      <Filter>Header Files\utilities.h\GridTreeCtrl</Filter>
    </ClInclude>
    <ClInclude Include="src\gui\grid\GridBtnCellCombo.h">
      <Filter>Header Files\utilities.h\GridTreeCtrl</Filter>
    </ClInclude>
    <ClInclude Include="src\gui\grid\GridCell.h">
      <Filter>Header Files\utilities.h\GridTreeCtrl</Filter>
    </ClInclude>
    <ClInclude Include="src\gui\grid\GridCellBase.h">
      <Filter>Header Files\utilities.h\GridTreeCtrl</Filter>
    </ClInclude>
    <ClInclude Include="src\gui\grid\GridCtrl.h">
      <Filter>Header Files\utilities.h\GridTreeCtrl</Filter>
    </ClInclude>
    <ClInclude Include="src\gui\grid\GridDropTarget.h">
      <Filter>Header Files\utilities.h\GridTreeCtrl</Filter>
    </ClInclude>
    <ClInclude Include="src\gui\grid\GridTreeBtnCell.h">
      <Filter>Header Files\utilities.h\GridTreeCtrl</Filter>
    </ClInclude>
    <ClInclude Include="src\gui\grid\GridTreeCell.h">
      <Filter>Header Files\utilities.h\GridTreeCtrl</Filter>
    </ClInclude>
    <ClInclude Include="src\gui\grid\GridTreeCellBase.h">
      <Filter>Header Files\utilities.h\GridTreeCtrl</Filter>
    </ClInclude>
    <ClInclude Include="src\gui\grid\InPlaceEdit.h">
      <Filter>Header Files\utilities.h\GridTreeCtrl</Filter>
    </ClInclude>
    <ClInclude Include="src\gui\grid\InPlaceList.h">
      <Filter>Header Files\utilities.h\GridTreeCtrl</Filter>
    </ClInclude>
    <ClInclude Include="src\gui\grid\MemDC.h">
      <Filter>Header Files\utilities.h\GridTreeCtrl</Filter>
    </ClInclude>
    <ClInclude Include="src\gui\grid\TitleTip.h">
      <Filter>Header Files\utilities.h\GridTreeCtrl</Filter>
    </ClInclude>
    <ClInclude Include="src\gui\grid\TreeColumn.h">
      <Filter>Header Files\utilities.h\GridTreeCtrl</Filter>
    </ClInclude>
    <ClInclude Include="src\core\fp_control.h">
      <Filter>Header Files\utilities.h</Filter>
    </ClInclude>
    <ClInclude Include="src\nsmsys.h">
      <Filter>Header Files</Filter>
    </ClInclude>
    <ClInclude Include="src\nsmdebug.h">
      <Filter>Header Files</Filter>
    </ClInclude>
  </ItemGroup>
  <ItemGroup>
    <None Include="res\add_item.ico">
      <Filter>Resource Files</Filter>
    </None>
    <None Include="res\bitmap1.bmp">
      <Filter>Resource Files</Filter>
    </None>
    <None Include="res\bitmap2.bmp">
      <Filter>Resource Files</Filter>
    </None>
    <None Include="res\delete.ico">
      <Filter>Resource Files</Filter>
    </None>
    <None Include="res\idr_loco.ico">
      <Filter>Resource Files</Filter>
    </None>
    <None Include="res\idr_nsm.ico">
      <Filter>Resource Files</Filter>
    </None>
    <None Include="res\limb_view.ico">
      <Filter>Resource Files</Filter>
    </None>
    <None Include="res\LimbView.ico">
      <Filter>Resource Files</Filter>
    </None>
    <None Include="res\locoframe.bmp">
      <Filter>Resource Files</Filter>
    </None>
    <None Include="res\MainFrame.bmp">
      <Filter>Resource Files</Filter>
    </None>
    <None Include="res\NNView.ico">
      <Filter>Resource Files</Filter>
    </None>
    <None Include="res\nsm.ico">
      <Filter>Resource Files</Filter>
    </None>
    <None Include="res\nsmdoc.ico">
      <Filter>Resource Files</Filter>
    </None>
    <None Include="res\nsmframe.bmp">
      <Filter>Resource Files</Filter>
    </None>
    <None Include="res\Spcord.ico">
      <Filter>Resource Files</Filter>
    </None>
    <None Include="res\Spcord.rc2">
      <Filter>Resource Files</Filter>
    </None>
    <None Include="res\spcordframe.bmp">
      <Filter>Resource Files</Filter>
    </None>
    <None Include="res\tree_images.bmp">
      <Filter>Resource Files</Filter>
    </None>
    <None Include="FormatDialog.htm" />
    <None Include="res\html_for.htm" />
    <None Include="ReadMe.txt" />
  </ItemGroup>
  <ItemGroup>
    <Library Include="lib\ComCtl32.Lib">
      <Filter>Libs</Filter>
    </Library>
    <Library Include="lib\Uxtheme.lib">
      <Filter>Libs</Filter>
    </Library>
  </ItemGroup>
</Project>